// !$*UTF8*$!
{
	archiveVersion = 1;
	classes = {
	};
	objectVersion = 55;
	objects = {

/* Begin PBXBuildFile section */
		934865DF283E1E37005497A1 /* DocumentSQLiteApp.swift in Sources */ = {isa = PBXBuildFile; fileRef = 934865CB283E1E34005497A1 /* DocumentSQLiteApp.swift */; };
		934865E0283E1E37005497A1 /* DocumentSQLiteApp.swift in Sources */ = {isa = PBXBuildFile; fileRef = 934865CB283E1E34005497A1 /* DocumentSQLiteApp.swift */; };
		934865E1283E1E37005497A1 /* DocumentSQLiteDocument.swift in Sources */ = {isa = PBXBuildFile; fileRef = 934865CC283E1E34005497A1 /* DocumentSQLiteDocument.swift */; };
		934865E2283E1E37005497A1 /* DocumentSQLiteDocument.swift in Sources */ = {isa = PBXBuildFile; fileRef = 934865CC283E1E34005497A1 /* DocumentSQLiteDocument.swift */; };
		934865E3283E1E37005497A1 /* ContentView.swift in Sources */ = {isa = PBXBuildFile; fileRef = 934865CD283E1E34005497A1 /* ContentView.swift */; };
		934865E4283E1E37005497A1 /* ContentView.swift in Sources */ = {isa = PBXBuildFile; fileRef = 934865CD283E1E34005497A1 /* ContentView.swift */; };
		934865E5283E1E37005497A1 /* Assets.xcassets in Resources */ = {isa = PBXBuildFile; fileRef = 934865CE283E1E37005497A1 /* Assets.xcassets */; };
		934865E6283E1E37005497A1 /* Assets.xcassets in Resources */ = {isa = PBXBuildFile; fileRef = 934865CE283E1E37005497A1 /* Assets.xcassets */; };
		934865F0283E1F18005497A1 /* Model.swift in Sources */ = {isa = PBXBuildFile; fileRef = 934865EF283E1F18005497A1 /* Model.swift */; };
		934865F1283E1F18005497A1 /* Model.swift in Sources */ = {isa = PBXBuildFile; fileRef = 934865EF283E1F18005497A1 /* Model.swift */; };
		934865F3283E35DD005497A1 /* SqliteFileWrapper.swift in Sources */ = {isa = PBXBuildFile; fileRef = 934865F2283E35DD005497A1 /* SqliteFileWrapper.swift */; };
		934865F4283E35DD005497A1 /* SqliteFileWrapper.swift in Sources */ = {isa = PBXBuildFile; fileRef = 934865F2283E35DD005497A1 /* SqliteFileWrapper.swift */; };
		934865F7283E368F005497A1 /* GRDB in Frameworks */ = {isa = PBXBuildFile; productRef = 934865F6283E368F005497A1 /* GRDB */; };
		934865FA283E3766005497A1 /* GRDB in Frameworks */ = {isa = PBXBuildFile; productRef = 934865F9283E3766005497A1 /* GRDB */; };
		934865FC283E41EB005497A1 /* DB.swift in Sources */ = {isa = PBXBuildFile; fileRef = 934865FB283E41EB005497A1 /* DB.swift */; };
		934865FD283E41EB005497A1 /* DB.swift in Sources */ = {isa = PBXBuildFile; fileRef = 934865FB283E41EB005497A1 /* DB.swift */; };
/* End PBXBuildFile section */

/* Begin PBXFileReference section */
		934865CB283E1E34005497A1 /* DocumentSQLiteApp.swift */ = {isa = PBXFileReference; lastKnownFileType = sourcecode.swift; path = DocumentSQLiteApp.swift; sourceTree = "<group>"; };
		934865CC283E1E34005497A1 /* DocumentSQLiteDocument.swift */ = {isa = PBXFileReference; lastKnownFileType = sourcecode.swift; path = DocumentSQLiteDocument.swift; sourceTree = "<group>"; };
		934865CD283E1E34005497A1 /* ContentView.swift */ = {isa = PBXFileReference; lastKnownFileType = sourcecode.swift; path = ContentView.swift; sourceTree = "<group>"; };
		934865CE283E1E37005497A1 /* Assets.xcassets */ = {isa = PBXFileReference; lastKnownFileType = folder.assetcatalog; path = Assets.xcassets; sourceTree = "<group>"; };
		934865D3283E1E37005497A1 /* DocumentSQLite.app */ = {isa = PBXFileReference; explicitFileType = wrapper.application; includeInIndex = 0; path = DocumentSQLite.app; sourceTree = BUILT_PRODUCTS_DIR; };
		934865D6283E1E37005497A1 /* Info.plist */ = {isa = PBXFileReference; lastKnownFileType = text.plist.xml; path = Info.plist; sourceTree = "<group>"; };
		934865DB283E1E37005497A1 /* DocumentSQLite.app */ = {isa = PBXFileReference; explicitFileType = wrapper.application; includeInIndex = 0; path = DocumentSQLite.app; sourceTree = BUILT_PRODUCTS_DIR; };
		934865DD283E1E37005497A1 /* Info.plist */ = {isa = PBXFileReference; lastKnownFileType = text.plist.xml; path = Info.plist; sourceTree = "<group>"; };
		934865DE283E1E37005497A1 /* macOS.entitlements */ = {isa = PBXFileReference; lastKnownFileType = text.plist.entitlements; path = macOS.entitlements; sourceTree = "<group>"; };
		934865EF283E1F18005497A1 /* Model.swift */ = {isa = PBXFileReference; lastKnownFileType = sourcecode.swift; path = Model.swift; sourceTree = "<group>"; };
		934865F2283E35DD005497A1 /* SqliteFileWrapper.swift */ = {isa = PBXFileReference; lastKnownFileType = sourcecode.swift; path = SqliteFileWrapper.swift; sourceTree = "<group>"; };
		934865FB283E41EB005497A1 /* DB.swift */ = {isa = PBXFileReference; lastKnownFileType = sourcecode.swift; path = DB.swift; sourceTree = "<group>"; };
/* End PBXFileReference section */

/* Begin PBXFrameworksBuildPhase section */
		934865D0283E1E37005497A1 /* Frameworks */ = {
			isa = PBXFrameworksBuildPhase;
			buildActionMask = 2147483647;
			files = (
				934865F7283E368F005497A1 /* GRDB in Frameworks */,
			);
			runOnlyForDeploymentPostprocessing = 0;
		};
		934865D8283E1E37005497A1 /* Frameworks */ = {
			isa = PBXFrameworksBuildPhase;
			buildActionMask = 2147483647;
			files = (
				934865FA283E3766005497A1 /* GRDB in Frameworks */,
			);
			runOnlyForDeploymentPostprocessing = 0;
		};
/* End PBXFrameworksBuildPhase section */

/* Begin PBXGroup section */
		934865C5283E1E34005497A1 = {
			isa = PBXGroup;
			children = (
				934865CA283E1E34005497A1 /* Shared */,
				934865D5283E1E37005497A1 /* iOS */,
				934865DC283E1E37005497A1 /* macOS */,
				934865D4283E1E37005497A1 /* Products */,
				934865F8283E3766005497A1 /* Frameworks */,
			);
			sourceTree = "<group>";
		};
		934865CA283E1E34005497A1 /* Shared */ = {
			isa = PBXGroup;
			children = (
				934865CB283E1E34005497A1 /* DocumentSQLiteApp.swift */,
				934865CC283E1E34005497A1 /* DocumentSQLiteDocument.swift */,
				934865CD283E1E34005497A1 /* ContentView.swift */,
				934865F2283E35DD005497A1 /* SqliteFileWrapper.swift */,
				934865EF283E1F18005497A1 /* Model.swift */,
				934865FB283E41EB005497A1 /* DB.swift */,
				934865CE283E1E37005497A1 /* Assets.xcassets */,
			);
			path = Shared;
			sourceTree = "<group>";
		};
		934865D4283E1E37005497A1 /* Products */ = {
			isa = PBXGroup;
			children = (
				934865D3283E1E37005497A1 /* DocumentSQLite.app */,
				934865DB283E1E37005497A1 /* DocumentSQLite.app */,
			);
			name = Products;
			sourceTree = "<group>";
		};
		934865D5283E1E37005497A1 /* iOS */ = {
			isa = PBXGroup;
			children = (
				934865D6283E1E37005497A1 /* Info.plist */,
			);
			path = iOS;
			sourceTree = "<group>";
		};
		934865DC283E1E37005497A1 /* macOS */ = {
			isa = PBXGroup;
			children = (
				934865DD283E1E37005497A1 /* Info.plist */,
				934865DE283E1E37005497A1 /* macOS.entitlements */,
			);
			path = macOS;
			sourceTree = "<group>";
		};
		934865F8283E3766005497A1 /* Frameworks */ = {
			isa = PBXGroup;
			children = (
			);
			name = Frameworks;
			sourceTree = "<group>";
		};
/* End PBXGroup section */

/* Begin PBXNativeTarget section */
		934865D2283E1E37005497A1 /* DocumentSQLite (iOS) */ = {
			isa = PBXNativeTarget;
			buildConfigurationList = 934865E9283E1E37005497A1 /* Build configuration list for PBXNativeTarget "DocumentSQLite (iOS)" */;
			buildPhases = (
				934865CF283E1E37005497A1 /* Sources */,
				934865D0283E1E37005497A1 /* Frameworks */,
				934865D1283E1E37005497A1 /* Resources */,
			);
			buildRules = (
			);
			dependencies = (
			);
			name = "DocumentSQLite (iOS)";
			packageProductDependencies = (
				934865F6283E368F005497A1 /* GRDB */,
			);
			productName = "DocumentSQLite (iOS)";
			productReference = 934865D3283E1E37005497A1 /* DocumentSQLite.app */;
			productType = "com.apple.product-type.application";
		};
		934865DA283E1E37005497A1 /* DocumentSQLite (macOS) */ = {
			isa = PBXNativeTarget;
			buildConfigurationList = 934865EC283E1E37005497A1 /* Build configuration list for PBXNativeTarget "DocumentSQLite (macOS)" */;
			buildPhases = (
				934865D7283E1E37005497A1 /* Sources */,
				934865D8283E1E37005497A1 /* Frameworks */,
				934865D9283E1E37005497A1 /* Resources */,
			);
			buildRules = (
			);
			dependencies = (
			);
			name = "DocumentSQLite (macOS)";
			packageProductDependencies = (
				934865F9283E3766005497A1 /* GRDB */,
			);
			productName = "DocumentSQLite (macOS)";
			productReference = 934865DB283E1E37005497A1 /* DocumentSQLite.app */;
			productType = "com.apple.product-type.application";
		};
/* End PBXNativeTarget section */

/* Begin PBXProject section */
		934865C6283E1E34005497A1 /* Project object */ = {
			isa = PBXProject;
			attributes = {
				BuildIndependentTargetsInParallel = 1;
				LastSwiftUpdateCheck = 1340;
				LastUpgradeCheck = 1340;
				TargetAttributes = {
					934865D2283E1E37005497A1 = {
						CreatedOnToolsVersion = 13.4;
					};
					934865DA283E1E37005497A1 = {
						CreatedOnToolsVersion = 13.4;
					};
				};
			};
			buildConfigurationList = 934865C9283E1E34005497A1 /* Build configuration list for PBXProject "DocumentSQLite" */;
			compatibilityVersion = "Xcode 13.0";
			developmentRegion = en;
			hasScannedForEncodings = 0;
			knownRegions = (
				en,
				Base,
			);
			mainGroup = 934865C5283E1E34005497A1;
			packageReferences = (
				934865F5283E368F005497A1 /* XCRemoteSwiftPackageReference "GRDB.swift" */,
			);
			productRefGroup = 934865D4283E1E37005497A1 /* Products */;
			projectDirPath = "";
			projectRoot = "";
			targets = (
				934865D2283E1E37005497A1 /* DocumentSQLite (iOS) */,
				934865DA283E1E37005497A1 /* DocumentSQLite (macOS) */,
			);
		};
/* End PBXProject section */

/* Begin PBXResourcesBuildPhase section */
		934865D1283E1E37005497A1 /* Resources */ = {
			isa = PBXResourcesBuildPhase;
			buildActionMask = 2147483647;
			files = (
				934865E5283E1E37005497A1 /* Assets.xcassets in Resources */,
			);
			runOnlyForDeploymentPostprocessing = 0;
		};
		934865D9283E1E37005497A1 /* Resources */ = {
			isa = PBXResourcesBuildPhase;
			buildActionMask = 2147483647;
			files = (
				934865E6283E1E37005497A1 /* Assets.xcassets in Resources */,
			);
			runOnlyForDeploymentPostprocessing = 0;
		};
/* End PBXResourcesBuildPhase section */

/* Begin PBXSourcesBuildPhase section */
		934865CF283E1E37005497A1 /* Sources */ = {
			isa = PBXSourcesBuildPhase;
			buildActionMask = 2147483647;
			files = (
				934865DF283E1E37005497A1 /* DocumentSQLiteApp.swift in Sources */,
				934865E1283E1E37005497A1 /* DocumentSQLiteDocument.swift in Sources */,
				934865F3283E35DD005497A1 /* SqliteFileWrapper.swift in Sources */,
				934865E3283E1E37005497A1 /* ContentView.swift in Sources */,
				934865F0283E1F18005497A1 /* Model.swift in Sources */,
				934865FC283E41EB005497A1 /* DB.swift in Sources */,
			);
			runOnlyForDeploymentPostprocessing = 0;
		};
		934865D7283E1E37005497A1 /* Sources */ = {
			isa = PBXSourcesBuildPhase;
			buildActionMask = 2147483647;
			files = (
				934865E0283E1E37005497A1 /* DocumentSQLiteApp.swift in Sources */,
				934865E2283E1E37005497A1 /* DocumentSQLiteDocument.swift in Sources */,
				934865F4283E35DD005497A1 /* SqliteFileWrapper.swift in Sources */,
				934865E4283E1E37005497A1 /* ContentView.swift in Sources */,
				934865F1283E1F18005497A1 /* Model.swift in Sources */,
				934865FD283E41EB005497A1 /* DB.swift in Sources */,
			);
			runOnlyForDeploymentPostprocessing = 0;
		};
/* End PBXSourcesBuildPhase section */

/* Begin XCBuildConfiguration section */
		934865E7283E1E37005497A1 /* Debug */ = {
			isa = XCBuildConfiguration;
			buildSettings = {
				ALWAYS_SEARCH_USER_PATHS = NO;
				CLANG_ANALYZER_NONNULL = YES;
				CLANG_ANALYZER_NUMBER_OBJECT_CONVERSION = YES_AGGRESSIVE;
				CLANG_CXX_LANGUAGE_STANDARD = "gnu++17";
				CLANG_ENABLE_MODULES = YES;
				CLANG_ENABLE_OBJC_ARC = YES;
				CLANG_ENABLE_OBJC_WEAK = YES;
				CLANG_WARN_BLOCK_CAPTURE_AUTORELEASING = YES;
				CLANG_WARN_BOOL_CONVERSION = YES;
				CLANG_WARN_COMMA = YES;
				CLANG_WARN_CONSTANT_CONVERSION = YES;
				CLANG_WARN_DEPRECATED_OBJC_IMPLEMENTATIONS = YES;
				CLANG_WARN_DIRECT_OBJC_ISA_USAGE = YES_ERROR;
				CLANG_WARN_DOCUMENTATION_COMMENTS = YES;
				CLANG_WARN_EMPTY_BODY = YES;
				CLANG_WARN_ENUM_CONVERSION = YES;
				CLANG_WARN_INFINITE_RECURSION = YES;
				CLANG_WARN_INT_CONVERSION = YES;
				CLANG_WARN_NON_LITERAL_NULL_CONVERSION = YES;
				CLANG_WARN_OBJC_IMPLICIT_RETAIN_SELF = YES;
				CLANG_WARN_OBJC_LITERAL_CONVERSION = YES;
				CLANG_WARN_OBJC_ROOT_CLASS = YES_ERROR;
				CLANG_WARN_QUOTED_INCLUDE_IN_FRAMEWORK_HEADER = YES;
				CLANG_WARN_RANGE_LOOP_ANALYSIS = YES;
				CLANG_WARN_STRICT_PROTOTYPES = YES;
				CLANG_WARN_SUSPICIOUS_MOVE = YES;
				CLANG_WARN_UNGUARDED_AVAILABILITY = YES_AGGRESSIVE;
				CLANG_WARN_UNREACHABLE_CODE = YES;
				CLANG_WARN__DUPLICATE_METHOD_MATCH = YES;
				COPY_PHASE_STRIP = NO;
				DEBUG_INFORMATION_FORMAT = dwarf;
				ENABLE_STRICT_OBJC_MSGSEND = YES;
				ENABLE_TESTABILITY = YES;
				GCC_C_LANGUAGE_STANDARD = gnu11;
				GCC_DYNAMIC_NO_PIC = NO;
				GCC_NO_COMMON_BLOCKS = YES;
				GCC_OPTIMIZATION_LEVEL = 0;
				GCC_PREPROCESSOR_DEFINITIONS = (
					"DEBUG=1",
					"$(inherited)",
				);
				GCC_WARN_64_TO_32_BIT_CONVERSION = YES;
				GCC_WARN_ABOUT_RETURN_TYPE = YES_ERROR;
				GCC_WARN_UNDECLARED_SELECTOR = YES;
				GCC_WARN_UNINITIALIZED_AUTOS = YES_AGGRESSIVE;
				GCC_WARN_UNUSED_FUNCTION = YES;
				GCC_WARN_UNUSED_VARIABLE = YES;
				MTL_ENABLE_DEBUG_INFO = INCLUDE_SOURCE;
				MTL_FAST_MATH = YES;
				ONLY_ACTIVE_ARCH = YES;
				SWIFT_ACTIVE_COMPILATION_CONDITIONS = DEBUG;
				SWIFT_OPTIMIZATION_LEVEL = "-Onone";
			};
			name = Debug;
		};
		934865E8283E1E37005497A1 /* Release */ = {
			isa = XCBuildConfiguration;
			buildSettings = {
				ALWAYS_SEARCH_USER_PATHS = NO;
				CLANG_ANALYZER_NONNULL = YES;
				CLANG_ANALYZER_NUMBER_OBJECT_CONVERSION = YES_AGGRESSIVE;
				CLANG_CXX_LANGUAGE_STANDARD = "gnu++17";
				CLANG_ENABLE_MODULES = YES;
				CLANG_ENABLE_OBJC_ARC = YES;
				CLANG_ENABLE_OBJC_WEAK = YES;
				CLANG_WARN_BLOCK_CAPTURE_AUTORELEASING = YES;
				CLANG_WARN_BOOL_CONVERSION = YES;
				CLANG_WARN_COMMA = YES;
				CLANG_WARN_CONSTANT_CONVERSION = YES;
				CLANG_WARN_DEPRECATED_OBJC_IMPLEMENTATIONS = YES;
				CLANG_WARN_DIRECT_OBJC_ISA_USAGE = YES_ERROR;
				CLANG_WARN_DOCUMENTATION_COMMENTS = YES;
				CLANG_WARN_EMPTY_BODY = YES;
				CLANG_WARN_ENUM_CONVERSION = YES;
				CLANG_WARN_INFINITE_RECURSION = YES;
				CLANG_WARN_INT_CONVERSION = YES;
				CLANG_WARN_NON_LITERAL_NULL_CONVERSION = YES;
				CLANG_WARN_OBJC_IMPLICIT_RETAIN_SELF = YES;
				CLANG_WARN_OBJC_LITERAL_CONVERSION = YES;
				CLANG_WARN_OBJC_ROOT_CLASS = YES_ERROR;
				CLANG_WARN_QUOTED_INCLUDE_IN_FRAMEWORK_HEADER = YES;
				CLANG_WARN_RANGE_LOOP_ANALYSIS = YES;
				CLANG_WARN_STRICT_PROTOTYPES = YES;
				CLANG_WARN_SUSPICIOUS_MOVE = YES;
				CLANG_WARN_UNGUARDED_AVAILABILITY = YES_AGGRESSIVE;
				CLANG_WARN_UNREACHABLE_CODE = YES;
				CLANG_WARN__DUPLICATE_METHOD_MATCH = YES;
				COPY_PHASE_STRIP = NO;
				DEBUG_INFORMATION_FORMAT = "dwarf-with-dsym";
				ENABLE_NS_ASSERTIONS = NO;
				ENABLE_STRICT_OBJC_MSGSEND = YES;
				GCC_C_LANGUAGE_STANDARD = gnu11;
				GCC_NO_COMMON_BLOCKS = YES;
				GCC_WARN_64_TO_32_BIT_CONVERSION = YES;
				GCC_WARN_ABOUT_RETURN_TYPE = YES_ERROR;
				GCC_WARN_UNDECLARED_SELECTOR = YES;
				GCC_WARN_UNINITIALIZED_AUTOS = YES_AGGRESSIVE;
				GCC_WARN_UNUSED_FUNCTION = YES;
				GCC_WARN_UNUSED_VARIABLE = YES;
				MTL_ENABLE_DEBUG_INFO = NO;
				MTL_FAST_MATH = YES;
				SWIFT_COMPILATION_MODE = wholemodule;
				SWIFT_OPTIMIZATION_LEVEL = "-O";
			};
			name = Release;
		};
		934865EA283E1E37005497A1 /* Debug */ = {
			isa = XCBuildConfiguration;
			buildSettings = {
				ASSETCATALOG_COMPILER_APPICON_NAME = AppIcon;
				ASSETCATALOG_COMPILER_GLOBAL_ACCENT_COLOR_NAME = AccentColor;
				CODE_SIGN_STYLE = Automatic;
				CURRENT_PROJECT_VERSION = 1;
				DEVELOPMENT_TEAM = MMG5EY7EYL;
				ENABLE_PREVIEWS = YES;
				GENERATE_INFOPLIST_FILE = YES;
				INFOPLIST_FILE = iOS/Info.plist;
				INFOPLIST_KEY_LSSupportsOpeningDocumentsInPlace = YES;
				INFOPLIST_KEY_UIApplicationSceneManifest_Generation = YES;
				INFOPLIST_KEY_UIApplicationSupportsIndirectInputEvents = YES;
				INFOPLIST_KEY_UILaunchScreen_Generation = YES;
				INFOPLIST_KEY_UISupportedInterfaceOrientations_iPad = "UIInterfaceOrientationPortrait UIInterfaceOrientationPortraitUpsideDown UIInterfaceOrientationLandscapeLeft UIInterfaceOrientationLandscapeRight";
				INFOPLIST_KEY_UISupportedInterfaceOrientations_iPhone = "UIInterfaceOrientationPortrait UIInterfaceOrientationLandscapeLeft UIInterfaceOrientationLandscapeRight";
				INFOPLIST_KEY_UISupportsDocumentBrowser = YES;
				IPHONEOS_DEPLOYMENT_TARGET = 15.5;
				LD_RUNPATH_SEARCH_PATHS = (
					"$(inherited)",
					"@executable_path/Frameworks",
				);
				MARKETING_VERSION = 1.0;
				PRODUCT_BUNDLE_IDENTIFIER = com.alexseifert.DocumentSQLite;
				PRODUCT_NAME = DocumentSQLite;
				SDKROOT = iphoneos;
				SWIFT_EMIT_LOC_STRINGS = YES;
				SWIFT_VERSION = 5.0;
				TARGETED_DEVICE_FAMILY = "1,2";
			};
			name = Debug;
		};
		934865EB283E1E37005497A1 /* Release */ = {
			isa = XCBuildConfiguration;
			buildSettings = {
				ASSETCATALOG_COMPILER_APPICON_NAME = AppIcon;
				ASSETCATALOG_COMPILER_GLOBAL_ACCENT_COLOR_NAME = AccentColor;
				CODE_SIGN_STYLE = Automatic;
				CURRENT_PROJECT_VERSION = 1;
				DEVELOPMENT_TEAM = MMG5EY7EYL;
				ENABLE_PREVIEWS = YES;
				GENERATE_INFOPLIST_FILE = YES;
				INFOPLIST_FILE = iOS/Info.plist;
				INFOPLIST_KEY_LSSupportsOpeningDocumentsInPlace = YES;
				INFOPLIST_KEY_UIApplicationSceneManifest_Generation = YES;
				INFOPLIST_KEY_UIApplicationSupportsIndirectInputEvents = YES;
				INFOPLIST_KEY_UILaunchScreen_Generation = YES;
				INFOPLIST_KEY_UISupportedInterfaceOrientations_iPad = "UIInterfaceOrientationPortrait UIInterfaceOrientationPortraitUpsideDown UIInterfaceOrientationLandscapeLeft UIInterfaceOrientationLandscapeRight";
				INFOPLIST_KEY_UISupportedInterfaceOrientations_iPhone = "UIInterfaceOrientationPortrait UIInterfaceOrientationLandscapeLeft UIInterfaceOrientationLandscapeRight";
				INFOPLIST_KEY_UISupportsDocumentBrowser = YES;
				IPHONEOS_DEPLOYMENT_TARGET = 15.5;
				LD_RUNPATH_SEARCH_PATHS = (
					"$(inherited)",
					"@executable_path/Frameworks",
				);
				MARKETING_VERSION = 1.0;
				PRODUCT_BUNDLE_IDENTIFIER = com.alexseifert.DocumentSQLite;
				PRODUCT_NAME = DocumentSQLite;
				SDKROOT = iphoneos;
				SWIFT_EMIT_LOC_STRINGS = YES;
				SWIFT_VERSION = 5.0;
				TARGETED_DEVICE_FAMILY = "1,2";
				VALIDATE_PRODUCT = YES;
			};
			name = Release;
		};
		934865ED283E1E37005497A1 /* Debug */ = {
			isa = XCBuildConfiguration;
			buildSettings = {
				ASSETCATALOG_COMPILER_APPICON_NAME = AppIcon;
				ASSETCATALOG_COMPILER_GLOBAL_ACCENT_COLOR_NAME = AccentColor;
				CODE_SIGN_ENTITLEMENTS = macOS/macOS.entitlements;
				CODE_SIGN_STYLE = Automatic;
				COMBINE_HIDPI_IMAGES = YES;
				CURRENT_PROJECT_VERSION = 1;
				DEVELOPMENT_TEAM = MMG5EY7EYL;
				ENABLE_HARDENED_RUNTIME = YES;
				ENABLE_PREVIEWS = YES;
				GENERATE_INFOPLIST_FILE = YES;
				INFOPLIST_FILE = macOS/Info.plist;
				INFOPLIST_KEY_NSHumanReadableCopyright = "";
				LD_RUNPATH_SEARCH_PATHS = (
					"$(inherited)",
					"@executable_path/../Frameworks",
				);
				MACOSX_DEPLOYMENT_TARGET = 12.3;
				MARKETING_VERSION = 1.0;
				PRODUCT_BUNDLE_IDENTIFIER = com.alexseifert.DocumentSQLite;
				PRODUCT_NAME = DocumentSQLite;
				SDKROOT = macosx;
				SWIFT_EMIT_LOC_STRINGS = YES;
				SWIFT_VERSION = 5.0;
			};
			name = Debug;
		};
		934865EE283E1E37005497A1 /* Release */ = {
			isa = XCBuildConfiguration;
			buildSettings = {
				ASSETCATALOG_COMPILER_APPICON_NAME = AppIcon;
				ASSETCATALOG_COMPILER_GLOBAL_ACCENT_COLOR_NAME = AccentColor;
				CODE_SIGN_ENTITLEMENTS = macOS/macOS.entitlements;
				CODE_SIGN_STYLE = Automatic;
				COMBINE_HIDPI_IMAGES = YES;
				CURRENT_PROJECT_VERSION = 1;
				DEVELOPMENT_TEAM = MMG5EY7EYL;
				ENABLE_HARDENED_RUNTIME = YES;
				ENABLE_PREVIEWS = YES;
				GENERATE_INFOPLIST_FILE = YES;
				INFOPLIST_FILE = macOS/Info.plist;
				INFOPLIST_KEY_NSHumanReadableCopyright = "";
				LD_RUNPATH_SEARCH_PATHS = (
					"$(inherited)",
					"@executable_path/../Frameworks",
				);
				MACOSX_DEPLOYMENT_TARGET = 12.3;
				MARKETING_VERSION = 1.0;
				PRODUCT_BUNDLE_IDENTIFIER = com.alexseifert.DocumentSQLite;
				PRODUCT_NAME = DocumentSQLite;
				SDKROOT = macosx;
				SWIFT_EMIT_LOC_STRINGS = YES;
				SWIFT_VERSION = 5.0;
			};
			name = Release;
		};
/* End XCBuildConfiguration section */

/* Begin XCConfigurationList section */
		934865C9283E1E34005497A1 /* Build configuration list for PBXProject "DocumentSQLite" */ = {
			isa = XCConfigurationList;
			buildConfigurations = (
				934865E7283E1E37005497A1 /* Debug */,
				934865E8283E1E37005497A1 /* Release */,
			);
			defaultConfigurationIsVisible = 0;
			defaultConfigurationName = Release;
		};
		934865E9283E1E37005497A1 /* Build configuration list for PBXNativeTarget "DocumentSQLite (iOS)" */ = {
			isa = XCConfigurationList;
			buildConfigurations = (
				934865EA283E1E37005497A1 /* Debug */,
				934865EB283E1E37005497A1 /* Release */,
			);
			defaultConfigurationIsVisible = 0;
			defaultConfigurationName = Release;
		};
		934865EC283E1E37005497A1 /* Build configuration list for PBXNativeTarget "DocumentSQLite (macOS)" */ = {
			isa = XCConfigurationList;
			buildConfigurations = (
				934865ED283E1E37005497A1 /* Debug */,
				934865EE283E1E37005497A1 /* Release */,
			);
			defaultConfigurationIsVisible = 0;
			defaultConfigurationName = Release;
		};
/* End XCConfigurationList section */

/* Begin XCRemoteSwiftPackageReference section */
		934865F5283E368F005497A1 /* XCRemoteSwiftPackageReference "GRDB.swift" */ = {
			isa = XCRemoteSwiftPackageReference;
			repositoryURL = "https://github.com/groue/GRDB.swift.git";
			requirement = {
				kind = upToNextMinorVersion;
				minimumVersion = 5.24.0;
			};
		};
/* End XCRemoteSwiftPackageReference section */

/* Begin XCSwiftPackageProductDependency section */
		934865F6283E368F005497A1 /* GRDB */ = {
			isa = XCSwiftPackageProductDependency;
			package = 934865F5283E368F005497A1 /* XCRemoteSwiftPackageReference "GRDB.swift" */;
			productName = GRDB;
		};
		934865F9283E3766005497A1 /* GRDB */ = {
			isa = XCSwiftPackageProductDependency;
			package = 934865F5283E368F005497A1 /* XCRemoteSwiftPackageReference "GRDB.swift" */;
			productName = GRDB;
		};
/* End XCSwiftPackageProductDependency section */
	};
	rootObject = 934865C6283E1E34005497A1 /* Project object */;
}
